
Microsoft Visual Studio Solution File, Format Version 11.00
# Visual Studio 2010
Project("{FAE04EC0-301F-11D3-BF4B-00C04F79EFBC}") = "Assembly-CSharp", "Assembly-CSharp.csproj", "{47B61A57-4B6A-511D-1D2E-837AEC0E792E}"
EndProject
Global
	GlobalSection(SolutionConfigurationPlatforms) = preSolution
		Debug|Any CPU = Debug|Any CPU
		Release|Any CPU = Release|Any CPU
	EndGlobalSection
	GlobalSection(ProjectConfigurationPlatforms) = postSolution
		{47B61A57-4B6A-511D-1D2E-837AEC0E792E}.Debug|Any CPU.ActiveCfg = Debug|Any CPU
		{47B61A57-4B6A-511D-1D2E-837AEC0E792E}.Debug|Any CPU.Build.0 = Debug|Any CPU
		{47B61A57-4B6A-511D-1D2E-837AEC0E792E}.Release|Any CPU.ActiveCfg = Release|Any CPU
		{47B61A57-4B6A-511D-1D2E-837AEC0E792E}.Release|Any CPU.Build.0 = Release|Any CPU
	EndGlobalSection
	GlobalSection(SolutionProperties) = preSolution
		HideSolutionNode = FALSE
	EndGlobalSection
EndGlobal
